
Microsoft Visual Studio Solution File, Format Version 12.00
# Visual Studio Version 17
VisualStudioVersion = 17.4.33205.214
MinimumVisualStudioVersion = 10.0.40219.1
Project("{888888A0-9F3D-457C-B088-3A5042F75D52}") = "Palgad", "Palgad.pyproj", "{CD6CD1B7-8B08-4D23-8A8B-306E85D528B3}"
EndProject
Global
	GlobalSection(SolutionConfigurationPlatforms) = preSolution
		Debug|Any CPU = Debug|Any CPU
		Release|Any CPU = Release|Any CPU
	EndGlobalSection
	GlobalSection(ProjectConfigurationPlatforms) = postSolution
		{CD6CD1B7-8B08-4D23-8A8B-306E85D528B3}.Debug|Any CPU.ActiveCfg = Debug|Any CPU
		{CD6CD1B7-8B08-4D23-8A8B-306E85D528B3}.Release|Any CPU.ActiveCfg = Release|Any CPU
	EndGlobalSection
	GlobalSection(SolutionProperties) = preSolution
		HideSolutionNode = FALSE
	EndGlobalSection
	GlobalSection(ExtensibilityGlobals) = postSolution
		SolutionGuid = {775B1898-ABF4-49FA-A4E8-40AA67C3D34E}
	EndGlobalSection
EndGlobal
